
Microsoft Visual Studio Solution File, Format Version 12.00
# Visual Studio Version 16
VisualStudioVersion = 16.0.31911.196
MinimumVisualStudioVersion = 10.0.40219.1
Project("{FAE04EC0-301F-11D3-BF4B-00C04F79EFBC}") = "AppBanHang", "AppBanHang\AppBanHang.csproj", "{F23284BF-7F10-4DAC-9020-EDA935EDF081}"
EndProject
Project("{FAE04EC0-301F-11D3-BF4B-00C04F79EFBC}") = "DAL", "DAL\DAL.csproj", "{95607861-485D-4146-A291-8C646BE1C06E}"
EndProject
Project("{FAE04EC0-301F-11D3-BF4B-00C04F79EFBC}") = "BLL", "BLL\BLL.csproj", "{EF234CBE-25DD-4810-9596-EB74768F1387}"
EndProject
Project("{FAE04EC0-301F-11D3-BF4B-00C04F79EFBC}") = "GUI", "GUI\GUI.csproj", "{55C70270-C941-4C62-8830-4A353E259012}"
EndProject
Global
	GlobalSection(SolutionConfigurationPlatforms) = preSolution
		Debug|Any CPU = Debug|Any CPU
		Release|Any CPU = Release|Any CPU
	EndGlobalSection
	GlobalSection(ProjectConfigurationPlatforms) = postSolution
		{F23284BF-7F10-4DAC-9020-EDA935EDF081}.Debug|Any CPU.ActiveCfg = Debug|Any CPU
		{F23284BF-7F10-4DAC-9020-EDA935EDF081}.Debug|Any CPU.Build.0 = Debug|Any CPU
		{F23284BF-7F10-4DAC-9020-EDA935EDF081}.Release|Any CPU.ActiveCfg = Release|Any CPU
		{F23284BF-7F10-4DAC-9020-EDA935EDF081}.Release|Any CPU.Build.0 = Release|Any CPU
		{95607861-485D-4146-A291-8C646BE1C06E}.Debug|Any CPU.ActiveCfg = Debug|Any CPU
		{95607861-485D-4146-A291-8C646BE1C06E}.Debug|Any CPU.Build.0 = Debug|Any CPU
		{95607861-485D-4146-A291-8C646BE1C06E}.Release|Any CPU.ActiveCfg = Release|Any CPU
		{95607861-485D-4146-A291-8C646BE1C06E}.Release|Any CPU.Build.0 = Release|Any CPU
		{EF234CBE-25DD-4810-9596-EB74768F1387}.Debug|Any CPU.ActiveCfg = Debug|Any CPU
		{EF234CBE-25DD-4810-9596-EB74768F1387}.Debug|Any CPU.Build.0 = Debug|Any CPU
		{EF234CBE-25DD-4810-9596-EB74768F1387}.Release|Any CPU.ActiveCfg = Release|Any CPU
		{EF234CBE-25DD-4810-9596-EB74768F1387}.Release|Any CPU.Build.0 = Release|Any CPU
		{55C70270-C941-4C62-8830-4A353E259012}.Debug|Any CPU.ActiveCfg = Debug|Any CPU
		{55C70270-C941-4C62-8830-4A353E259012}.Debug|Any CPU.Build.0 = Debug|Any CPU
		{55C70270-C941-4C62-8830-4A353E259012}.Release|Any CPU.ActiveCfg = Release|Any CPU
		{55C70270-C941-4C62-8830-4A353E259012}.Release|Any CPU.Build.0 = Release|Any CPU
	EndGlobalSection
	GlobalSection(SolutionProperties) = preSolution
		HideSolutionNode = FALSE
	EndGlobalSection
	GlobalSection(ExtensibilityGlobals) = postSolution
		SolutionGuid = {284AAC52-3964-4534-B7E4-334E15A3E0AD}
	EndGlobalSection
EndGlobal
